# THIS IS AN AUTOGENERATED FILE. DO NOT EDIT THIS FILE DIRECTLY.
# yarn lockfile v1


react-hook-form@^7.55.0:
  version "7.55.0"
  resolved "https://registry.yarnpkg.com/react-hook-form/-/react-hook-form-7.55.0.tgz#df3c80a20a68f6811f49bec3406defaefb6dce80"
  integrity sha512-XRnjsH3GVMQz1moZTW53MxfoWN7aDpUg/GpVNc4A3eXRVNdGXfbzJ4vM4aLQ8g6XCUh1nIbx70aaNCl7kxnjog==
